
Microsoft Visual Studio Solution File, Format Version 12.00
# Visual Studio Version 16
VisualStudioVersion = 16.0.29411.108
MinimumVisualStudioVersion = 10.0.40219.1
Project("{888888A0-9F3D-457C-B088-3A5042F75D52}") = "word2vec", "word2vec.pyproj", "{19478A7D-715C-4A69-B579-90F22F41B485}"
EndProject
Global
	GlobalSection(SolutionConfigurationPlatforms) = preSolution
		Debug|Any CPU = Debug|Any CPU
		Release|Any CPU = Release|Any CPU
	EndGlobalSection
	GlobalSection(ProjectConfigurationPlatforms) = postSolution
		{19478A7D-715C-4A69-B579-90F22F41B485}.Debug|Any CPU.ActiveCfg = Debug|Any CPU
		{19478A7D-715C-4A69-B579-90F22F41B485}.Release|Any CPU.ActiveCfg = Release|Any CPU
	EndGlobalSection
	GlobalSection(SolutionProperties) = preSolution
		HideSolutionNode = FALSE
	EndGlobalSection
	GlobalSection(ExtensibilityGlobals) = postSolution
		SolutionGuid = {A79A137D-51DF-4459-A052-FDFB89AF4A1D}
	EndGlobalSection
EndGlobal
